
Microsoft Visual Studio Solution File, Format Version 12.00
# Visual Studio Version 16
VisualStudioVersion = 16.0.31729.503
MinimumVisualStudioVersion = 10.0.40219.1
Project("{FAE04EC0-301F-11D3-BF4B-00C04F79EFBC}") = "Kolokwium2", "Kolokwium2.csproj", "{60A7A38A-A1C9-4CB9-B45B-8513FF05F379}"
EndProject
Global
	GlobalSection(SolutionConfigurationPlatforms) = preSolution
		Debug|Any CPU = Debug|Any CPU
		Release|Any CPU = Release|Any CPU
	EndGlobalSection
	GlobalSection(ProjectConfigurationPlatforms) = postSolution
		{60A7A38A-A1C9-4CB9-B45B-8513FF05F379}.Debug|Any CPU.ActiveCfg = Debug|Any CPU
		{60A7A38A-A1C9-4CB9-B45B-8513FF05F379}.Debug|Any CPU.Build.0 = Debug|Any CPU
		{60A7A38A-A1C9-4CB9-B45B-8513FF05F379}.Release|Any CPU.ActiveCfg = Release|Any CPU
		{60A7A38A-A1C9-4CB9-B45B-8513FF05F379}.Release|Any CPU.Build.0 = Release|Any CPU
	EndGlobalSection
	GlobalSection(SolutionProperties) = preSolution
		HideSolutionNode = FALSE
	EndGlobalSection
	GlobalSection(ExtensibilityGlobals) = postSolution
		SolutionGuid = {04FD2138-57F5-4EEE-9E0D-53777B40B063}
	EndGlobalSection
EndGlobal
